{
    "hash": "344fd390b450b808ab58f1f3e8d54239",
    "packages": [
        {
            "package": "doctrine/common",
            "version": "dev-master",
            "alias-pretty-version": "2.3.x-dev",
            "alias-version": "2.3.9999999.9999999-dev"
        },
        {
            "package": "doctrine/common",
            "version": "dev-master",
            "source-reference": "0e454a92409ee594a93c362f74a3e0f42424d663",
            "commit-date": "1340828547"
        },
        {
            "package": "doctrine/data-fixtures",
            "version": "dev-master",
            "source-reference": "64538135ef2b17a296e26f88a04c7ce2e4551459",
            "commit-date": "1340776266"
        },
        {
            "package": "doctrine/dbal",
            "version": "dev-master",
            "alias-pretty-version": "2.3.x-dev",
            "alias-version": "2.3.9999999.9999999-dev"
        },
        {
            "package": "doctrine/dbal",
            "version": "dev-master",
            "source-reference": "4eaa44c057c228ea7a2fa9cb6cff0b9f94529528",
            "commit-date": "1340829559"
        },
        {
            "package": "doctrine/doctrine-bundle",
            "version": "dev-master",
            "source-reference": "9b4dd7398cbc4d2dfe04eefc3c0451f1e13e141c",
            "commit-date": "1340813490"
        },
        {
            "package": "doctrine/doctrine-fixtures-bundle",
            "version": "dev-master",
            "source-reference": "33b267d3068d6c2f8daa0b417285cf76e7f82fc4",
            "commit-date": "1333478471"
        },
        {
            "package": "doctrine/phpcr-bundle",
            "version": "dev-master",
            "alias-pretty-version": "1.0.x-dev",
            "alias-version": "1.0.9999999.9999999-dev"
        },
        {
            "package": "doctrine/phpcr-bundle",
            "version": "dev-master",
            "source-reference": "ed46ae01fe3d0b087e1159709d6467c2e08a993d",
            "commit-date": "1339494898"
        },
        {
            "package": "doctrine/phpcr-odm",
            "version": "dev-master",
            "alias-pretty-version": "1.0.x-dev",
            "alias-version": "1.0.9999999.9999999-dev"
        },
        {
            "package": "doctrine/phpcr-odm",
            "version": "dev-master",
            "source-reference": "9f0889ae6c62bda4c088bffeb321cfa95f1fd8d4",
            "commit-date": "1340806579"
        },
        {
            "package": "friendsofsymfony/jsrouting-bundle",
            "version": "dev-master",
            "source-reference": "1692ba9e4500b75001ec945993d4b7b8cec05a16",
            "commit-date": "1339679434"
        },
        {
            "package": "friendsofsymfony/rest",
            "version": "dev-master",
            "alias-pretty-version": "0.7.x-dev",
            "alias-version": "0.7.9999999.9999999-dev"
        },
        {
            "package": "friendsofsymfony/rest",
            "version": "dev-master",
            "source-reference": "5ea703f5a3f5c7110cadeccb91b212c0eb7ea2d0",
            "commit-date": "1339701893"
        },
        {
            "package": "friendsofsymfony/rest-bundle",
            "version": "dev-master",
            "source-reference": "f279c12d1e375fc3a63255589b5959015238607b",
            "commit-date": "1340563368"
        },
        {
            "package": "jackalope/jackalope",
            "version": "dev-master",
            "alias-pretty-version": "1.0.x-dev",
            "alias-version": "1.0.9999999.9999999-dev"
        },
        {
            "package": "jackalope/jackalope",
            "version": "dev-master",
            "source-reference": "7252ee4e5c8779263a5e1a666020e9a9be712879",
            "commit-date": "1340800145"
        },
        {
            "package": "jackalope/jackalope-jackrabbit",
            "version": "dev-master",
            "alias-pretty-version": "1.0.x-dev",
            "alias-version": "1.0.9999999.9999999-dev"
        },
        {
            "package": "jackalope/jackalope-jackrabbit",
            "version": "dev-master",
            "source-reference": "26b7ec3cc969883306f0c2d9eddf4eb447f6127b",
            "commit-date": "1340711749"
        },
        {
            "package": "jms/aop-bundle",
            "version": "1.0.0"
        },
        {
            "package": "jms/cg",
            "version": "1.0.0"
        },
        {
            "package": "jms/di-extra-bundle",
            "version": "1.0.1"
        },
        {
            "package": "jms/metadata",
            "version": "1.1.1"
        },
        {
            "package": "jms/security-extra-bundle",
            "version": "1.1.0"
        },
        {
            "package": "jms/serializer-bundle",
            "version": "dev-master",
            "alias-pretty-version": "0.9.x-dev",
            "alias-version": "0.9.9999999.9999999-dev"
        },
        {
            "package": "jms/serializer-bundle",
            "version": "dev-master",
            "source-reference": "801132b68520b2b1f826a50e4eb12a31e1463303",
            "commit-date": "1339681843"
        },
        {
            "package": "knplabs/knp-menu",
            "version": "1.1.x-dev",
            "source-reference": "v1.1.2",
            "commit-date": "1339345240"
        },
        {
            "package": "knplabs/knp-menu-bundle",
            "version": "v1.1.0"
        },
        {
            "package": "kriswallsmith/assetic",
            "version": "dev-master",
            "alias-pretty-version": "1.1.x-dev",
            "alias-version": "1.1.9999999.9999999-dev"
        },
        {
            "package": "kriswallsmith/assetic",
            "version": "dev-master",
            "source-reference": "d6f89a3170c5280ad554347dc113eb25fdf00ad7",
            "commit-date": "1339515714"
        },
        {
            "package": "liip/functional-test-bundle",
            "version": "dev-master",
            "source-reference": "8bb68f8ac4c1c7fffb603a9532b666fbe8b72a2a",
            "commit-date": "1339600142"
        },
        {
            "package": "liip/vie-bundle",
            "version": "dev-master",
            "source-reference": "ac783b7c1d2d2017b2ff11acb97d59baab34c92a",
            "commit-date": "1340806626"
        },
        {
            "package": "monolog/monolog",
            "version": "1.1.0"
        },
        {
            "package": "phpcr/phpcr",
            "version": "dev-master",
            "alias-pretty-version": "2.1.x-dev",
            "alias-version": "2.1.9999999.9999999-dev"
        },
        {
            "package": "phpcr/phpcr",
            "version": "dev-master",
            "source-reference": "52723c474d771fd5c524d2800d8ab0e0d8940afd",
            "commit-date": "1340780638"
        },
        {
            "package": "phpcr/phpcr-utils",
            "version": "dev-master",
            "alias-pretty-version": "2.1.x-dev",
            "alias-version": "2.1.9999999.9999999-dev"
        },
        {
            "package": "phpcr/phpcr-utils",
            "version": "dev-master",
            "source-reference": "e890289326ccbaacd11bb570792c0ac5d25856ff",
            "commit-date": "1338821284"
        },
        {
            "package": "sensio/distribution-bundle",
            "version": "dev-master",
            "source-reference": "f3515e702f9cae8e727d982557dca8de82dd12c5",
            "commit-date": "1340790396"
        },
        {
            "package": "sensio/framework-extra-bundle",
            "version": "dev-master",
            "alias-pretty-version": "2.1.x-dev",
            "alias-version": "2.1.9999999.9999999-dev"
        },
        {
            "package": "sensio/framework-extra-bundle",
            "version": "dev-master",
            "source-reference": "ba7c2d872d609d972d43254bb9d1fdead25f7758",
            "commit-date": "1340725130"
        },
        {
            "package": "sensio/generator-bundle",
            "version": "dev-master",
            "source-reference": "43ed45c48db18e4a0e48aec0c098f42e56e22d36",
            "commit-date": "1340138445"
        },
        {
            "package": "sonata-project/admin-bundle",
            "version": "dev-master",
            "source-reference": "80c59a8f47e4b8b648140e329195cf94d4078d1c",
            "commit-date": "1340271304"
        },
        {
            "package": "sonata-project/block-bundle",
            "version": "dev-master",
            "source-reference": "40b435dab9db1f6bf1f311af1635712924a0f361",
            "commit-date": "1340007353"
        },
        {
            "package": "sonata-project/cache-bundle",
            "version": "dev-master",
            "source-reference": "5b966e7350636750df7e45920acb30946415ba6d",
            "commit-date": "1335863548"
        },
        {
            "package": "sonata-project/doctrine-phpcr-admin-bundle",
            "version": "dev-master",
            "alias-pretty-version": "1.0.x-dev",
            "alias-version": "1.0.9999999.9999999-dev"
        },
        {
            "package": "sonata-project/doctrine-phpcr-admin-bundle",
            "version": "dev-master",
            "source-reference": "619cc1d339c6bbde440809df4b92a91cccc1f831",
            "commit-date": "1340806588"
        },
        {
            "package": "sonata-project/exporter",
            "version": "dev-master",
            "source-reference": "bcdfd50bc3118173d914e790921701ab26fb6b14",
            "commit-date": "1338844924"
        },
        {
            "package": "sonata-project/jquery-bundle",
            "version": "dev-master",
            "source-reference": "785870afce016cc387fadb361ad52c3d4a2e7fe6",
            "commit-date": "1339857469"
        },
        {
            "package": "swiftmailer/swiftmailer",
            "version": "dev-master",
            "alias-pretty-version": "4.1.x-dev",
            "alias-version": "4.1.9999999.9999999-dev"
        },
        {
            "package": "swiftmailer/swiftmailer",
            "version": "dev-master",
            "source-reference": "0173abd7bb539bc5dd0b823b06b46636121384e9",
            "commit-date": "1340373948"
        },
        {
            "package": "symfony-cmf/block-bundle",
            "version": "dev-master",
            "alias-pretty-version": "1.0.x-dev",
            "alias-version": "1.0.9999999.9999999-dev"
        },
        {
            "package": "symfony-cmf/block-bundle",
            "version": "dev-master",
            "source-reference": "06d7e327d34c39ed36f3045d1a6565ba977c7c52",
            "commit-date": "1339446001"
        },
        {
            "package": "symfony-cmf/content-bundle",
            "version": "dev-master",
            "alias-pretty-version": "1.0.x-dev",
            "alias-version": "1.0.9999999.9999999-dev"
        },
        {
            "package": "symfony-cmf/content-bundle",
            "version": "dev-master",
            "source-reference": "c8d3b6061896b8f4f713cb39e61d6c7ea00acb4d",
            "commit-date": "1339501010"
        },
        {
            "package": "symfony-cmf/core-bundle",
            "version": "dev-master",
            "alias-pretty-version": "1.0.x-dev",
            "alias-version": "1.0.9999999.9999999-dev"
        },
        {
            "package": "symfony-cmf/core-bundle",
            "version": "dev-master",
            "source-reference": "213e449e13b589918c418afdeb6c47f99e34141a",
            "commit-date": "1338833135"
        },
        {
            "package": "symfony-cmf/menu-bundle",
            "version": "dev-master",
            "alias-pretty-version": "1.0.x-dev",
            "alias-version": "1.0.9999999.9999999-dev"
        },
        {
            "package": "symfony-cmf/menu-bundle",
            "version": "dev-master",
            "source-reference": "637689c02bb1a19fc73b891aa0c9b85c8b888177",
            "commit-date": "1340017042"
        },
        {
            "package": "symfony-cmf/multilang-content-bundle",
            "version": "dev-master",
            "alias-pretty-version": "1.0.x-dev",
            "alias-version": "1.0.9999999.9999999-dev"
        },
        {
            "package": "symfony-cmf/multilang-content-bundle",
            "version": "dev-master",
            "source-reference": "f0fb2a900f41a0dc32eddaaabd18629fafb92f95",
            "commit-date": "1340621593"
        },
        {
            "package": "symfony-cmf/routing",
            "version": "dev-master",
            "alias-pretty-version": "1.0.x-dev",
            "alias-version": "1.0.9999999.9999999-dev"
        },
        {
            "package": "symfony-cmf/routing",
            "version": "dev-master",
            "source-reference": "09455f770191d1214317ac54bcd65798e64065bb",
            "commit-date": "1340277607"
        },
        {
            "package": "symfony-cmf/routing-extra-bundle",
            "version": "dev-master",
            "alias-pretty-version": "1.0.x-dev",
            "alias-version": "1.0.9999999.9999999-dev"
        },
        {
            "package": "symfony-cmf/routing-extra-bundle",
            "version": "dev-master",
            "source-reference": "775275c62aaad15bbb7d7db43a2cc88eb562d86b",
            "commit-date": "1340379461"
        },
        {
            "package": "symfony-cmf/simple-cms-bundle",
            "version": "dev-master",
            "alias-pretty-version": "1.0.x-dev",
            "alias-version": "1.0.9999999.9999999-dev"
        },
        {
            "package": "symfony-cmf/simple-cms-bundle",
            "version": "dev-master",
            "source-reference": "1.0.0-alpha1",
            "commit-date": "1338833547"
        },
        {
            "package": "symfony-cmf/symfony-cmf",
            "version": "dev-master",
            "alias-pretty-version": "1.0.x-dev",
            "alias-version": "1.0.9999999.9999999-dev"
        },
        {
            "package": "symfony-cmf/symfony-cmf",
            "version": "dev-master",
            "source-reference": "13a5ffe8999758d245464f979752ca3ba1b39504",
            "commit-date": "1339053579"
        },
        {
            "package": "symfony-cmf/tree-browser-bundle",
            "version": "dev-master",
            "alias-pretty-version": "1.0.x-dev",
            "alias-version": "1.0.9999999.9999999-dev"
        },
        {
            "package": "symfony-cmf/tree-browser-bundle",
            "version": "dev-master",
            "source-reference": "21f5257560acf6ce27eb2bcf119513235a724b42",
            "commit-date": "1340197132"
        },
        {
            "package": "symfony-cmf/tree-bundle",
            "version": "dev-master",
            "alias-pretty-version": "1.0.x-dev",
            "alias-version": "1.0.9999999.9999999-dev"
        },
        {
            "package": "symfony-cmf/tree-bundle",
            "version": "dev-master",
            "source-reference": "1.0.0-alpha1",
            "commit-date": "1338833248"
        },
        {
            "package": "symfony/assetic-bundle",
            "version": "dev-master",
            "source-reference": "8fe7b898b08103c1d6fce64c3e279a7afd61adfc",
            "commit-date": "1340234971"
        },
        {
            "package": "symfony/monolog-bundle",
            "version": "dev-master",
            "source-reference": "660a1aeaf93e8ffdc34c27b3a82dc47195ad1d8d",
            "commit-date": "1340609637"
        },
        {
            "package": "symfony/swiftmailer-bundle",
            "version": "dev-master",
            "source-reference": "v2.1.0-BETA1",
            "commit-date": "1340144744"
        },
        {
            "package": "symfony/symfony",
            "version": "dev-master",
            "alias-pretty-version": "2.1.x-dev",
            "alias-version": "2.1.9999999.9999999-dev"
        },
        {
            "package": "symfony/symfony",
            "version": "dev-master",
            "source-reference": "e8c0e078417bf2886c5ec8b352b67a28c89e3109",
            "commit-date": "1340821918"
        },
        {
            "package": "twig/extensions",
            "version": "dev-master",
            "source-reference": "feb6d3f10c411e2631997c0a905aa581c80305c1",
            "commit-date": "1337599699"
        },
        {
            "package": "twig/twig",
            "version": "dev-master",
            "alias-pretty-version": "1.8.x-dev",
            "alias-version": "1.8.9999999.9999999-dev"
        },
        {
            "package": "twig/twig",
            "version": "dev-master",
            "source-reference": "48a04538659e85e4c89da3787587e1988db9c5e9",
            "commit-date": "1340790574"
        }
    ],
    "packages-dev": [
        {
            "package": "jackalope/jackalope-doctrine-dbal",
            "version": "dev-master",
            "source-reference": "7a0e6686b11e9add8e7d21d34a70298f4c784262",
            "commit-date": "1340863353"
        }
    ],
    "aliases": [

    ],
    "minimum-stability": "dev",
    "stability-flags": {
        "twig/extensions": 20,
        "symfony/assetic-bundle": 20,
        "symfony/swiftmailer-bundle": 20,
        "symfony/monolog-bundle": 20,
        "sensio/distribution-bundle": 20,
        "sensio/framework-extra-bundle": 20,
        "sensio/generator-bundle": 20,
        "doctrine/doctrine-bundle": 20,
        "doctrine/data-fixtures": 20,
        "doctrine/doctrine-fixtures-bundle": 20,
        "liip/vie-bundle": 20,
        "liip/functional-test-bundle": 20,
        "jackalope/jackalope-doctrine-dbal": 20
    }
}
