{
    "hash": "874eaeaf53bebbda39bc0e2965f812c9",
    "packages": [
        {
            "package": "doctrine/common",
            "version": "2.2.2"
        },
        {
            "package": "doctrine/data-fixtures",
            "version": "dev-master",
            "source-reference": "d233d05437c1a10034867f22069b4bb0f7dc96b6"
        },
        {
            "package": "doctrine/dbal",
            "version": "2.2.x-dev",
            "source-reference": "8cc129aa64a8de6447056bce20f0a274fe2a340b"
        },
        {
            "package": "doctrine/doctrine-bundle",
            "version": "dev-master",
            "source-reference": "eb1f6599fa11feda724f0319cb177b17e876588a"
        },
        {
            "package": "doctrine/phpcr-bundle",
            "version": "dev-master",
            "source-reference": "15dc74fd7bd3e1a4911d0c58747b195f296585c4"
        },
        {
            "package": "doctrine/phpcr-odm",
            "version": "dev-master",
            "source-reference": "c49cb3b0f632fc729a1b2ad842a99759c2669342"
        },
        {
            "package": "friendsofsymfony/jsrouting-bundle",
            "version": "dev-master",
            "source-reference": "c2e24804dd47e0473b25e4685c41f28e403c4cc8"
        },
        {
            "package": "friendsofsymfony/rest",
            "version": "dev-master",
            "source-reference": "d9f772ddb9bb4fd0d952fa45cf0e5e76510b111c"
        },
        {
            "package": "friendsofsymfony/rest-bundle",
            "version": "dev-master",
            "source-reference": "1fd512952a31f6db90be63636fab73369994737a"
        },
        {
            "package": "jackalope/jackalope",
            "version": "dev-master",
            "source-reference": "efe994e0b51bef6c928681a4ef14760c1b74e72f"
        },
        {
            "package": "jackalope/jackalope-doctrine-dbal",
            "version": "dev-master",
            "source-reference": "b32d0fc7d43e4ff4c72288a336e0972367ac86d1"
        },
        {
            "package": "jackalope/jackalope-jackrabbit",
            "version": "dev-master",
            "source-reference": "b6fb429576b930370e0572621a03d0cb462b6840"
        },
        {
            "package": "jms/metadata",
            "version": "dev-master",
            "source-reference": "a2ae95448bd13bcfbba5f7fead40b379a84da02d"
        },
        {
            "package": "jms/serializer-bundle",
            "version": "dev-master",
            "source-reference": "904e41c55e795939b487d956ab5ebba5baebdc23"
        },
        {
            "package": "jms/translation-bundle",
            "version": "dev-master",
            "source-reference": "a08ff9d59917363d8efc39ba2a21f5bf458b18b3"
        },
        {
            "package": "knplabs/knp-menu",
            "version": "1.1.x-dev",
            "source-reference": "v1.1.1"
        },
        {
            "package": "knplabs/knp-menu-bundle",
            "version": "v1.1.0"
        },
        {
            "package": "kriswallsmith/assetic",
            "version": "dev-master",
            "alias-pretty-version": "1.1.x-dev",
            "alias-version": "1.1.9999999.9999999-dev"
        },
        {
            "package": "kriswallsmith/assetic",
            "version": "dev-master",
            "source-reference": "1a1b5f963db158a1065343fab617d25ce351a2dc"
        },
        {
            "package": "liip/functional-test-bundle",
            "version": "dev-master",
            "source-reference": "337cb30550ed14356be548770a9cbff3b13fb844"
        },
        {
            "package": "liip/vie-bundle",
            "version": "dev-master",
            "source-reference": "4173c582c135552dafaf44b8ecacd95d8360955c"
        },
        {
            "package": "monolog/monolog",
            "version": "1.1.0"
        },
        {
            "package": "nikic/php-parser",
            "version": "v0.9.1"
        },
        {
            "package": "phpcr/phpcr",
            "version": "dev-master",
            "source-reference": "5d87e37b497105249e7fbd2c27ad37856bb379aa"
        },
        {
            "package": "phpcr/phpcr-utils",
            "version": "dev-master",
            "source-reference": "d81e729be37baba3ac2c775d595c897b93bc8b96"
        },
        {
            "package": "sensio/distribution-bundle",
            "version": "dev-master",
            "source-reference": "7d75b222c8e4ead64ff82e5c9b2fa3ba71c70cf0"
        },
        {
            "package": "sensio/framework-extra-bundle",
            "version": "dev-master",
            "source-reference": "e00b525b14784ea4f21c14945e58b4a76a530a6a"
        },
        {
            "package": "sonata-project/admin-bundle",
            "version": "dev-master",
            "source-reference": "3b6bc0aecd6887fa9a7227357388303cbd427abe"
        },
        {
            "package": "sonata-project/block-bundle",
            "version": "dev-master",
            "source-reference": "73776a4cd8e66ca5574941ea5b5d48ca75a3b23f"
        },
        {
            "package": "sonata-project/cache-bundle",
            "version": "dev-master",
            "source-reference": "5b966e7350636750df7e45920acb30946415ba6d"
        },
        {
            "package": "sonata-project/doctrine-phpcr-admin-bundle",
            "version": "dev-master",
            "source-reference": "e2fb534c667a58e2647621aadba77c1c0501cab9"
        },
        {
            "package": "sonata-project/exporter",
            "version": "dev-master",
            "source-reference": "bc5b4dadbaae30e5c349141f8d002063630a8084"
        },
        {
            "package": "sonata-project/jquery-bundle",
            "version": "dev-master",
            "source-reference": "01ffb8d1a7a4bb3971aed003e4f1ef050a0701aa"
        },
        {
            "package": "symfony-cmf/block-bundle",
            "version": "dev-master",
            "source-reference": "a296e58cd75dded54b8160a3f58c85bdaaee1f78"
        },
        {
            "package": "symfony-cmf/content-bundle",
            "version": "dev-master",
            "source-reference": "13cb0397949e5d8db582b252579dc6738af12a74"
        },
        {
            "package": "symfony-cmf/core-bundle",
            "version": "dev-master",
            "source-reference": "29d2cb99fdacb8f75acebba115fb2c16af993b5e"
        },
        {
            "package": "symfony-cmf/menu-bundle",
            "version": "dev-master",
            "source-reference": "590ccea4c24cf4a083f1f9f487545149b024e73c"
        },
        {
            "package": "symfony-cmf/multilang-content-bundle",
            "version": "dev-master",
            "source-reference": "05dfb75234adf3cf7e98628c89c3cbddcfb3131d"
        },
        {
            "package": "symfony-cmf/phpcr-browser-bundle",
            "version": "dev-master",
            "source-reference": "cab6143ad9c7ff41b0e80625a828464f1026d75b"
        },
        {
            "package": "symfony-cmf/routing",
            "version": "dev-master",
            "source-reference": "f3b70f87a15b4012d1f080944854acfd7762bf8c"
        },
        {
            "package": "symfony-cmf/routing-extra-bundle",
            "version": "dev-master",
            "source-reference": "1b4539abd609e611c2c0178730cb20735649e954"
        },
        {
            "package": "symfony-cmf/simple-cms-bundle",
            "version": "dev-master",
            "source-reference": "ce114163bcb3198bf85d2ba2424f66e9b4e55199"
        },
        {
            "package": "symfony-cmf/symfony-cmf",
            "version": "dev-master",
            "source-reference": "649fd26516b02e978fea334cc04f9cb7f27629a2"
        },
        {
            "package": "symfony-cmf/tree-bundle",
            "version": "dev-master",
            "source-reference": "8f20037873a625e8deb73e4b4931a4734a854924"
        },
        {
            "package": "symfony/assetic-bundle",
            "version": "dev-master",
            "source-reference": "61c9f363e73b4ecbb72f81eb62675260a1132048"
        },
        {
            "package": "symfony/monolog-bundle",
            "version": "dev-master",
            "source-reference": "4d5a969dc5b34c8b0cea3521ce7fbb43b965af3f"
        },
        {
            "package": "symfony/symfony",
            "version": "dev-master",
            "alias-pretty-version": "2.1.x-dev",
            "alias-version": "2.1.9999999.9999999-dev"
        },
        {
            "package": "symfony/symfony",
            "version": "dev-master",
            "source-reference": "e351c9f0a88c1ffbee3235ee8c132ee043e42984"
        },
        {
            "package": "twig/extensions",
            "version": "dev-master",
            "source-reference": "feb6d3f10c411e2631997c0a905aa581c80305c1"
        },
        {
            "package": "twig/twig",
            "version": "dev-master",
            "alias-pretty-version": "1.8.x-dev",
            "alias-version": "1.8.9999999.9999999-dev"
        },
        {
            "package": "twig/twig",
            "version": "dev-master",
            "source-reference": "6d072640c44f1781049afd2d96060c72da80662a"
        }
    ],
    "packages-dev": [

    ],
    "aliases": [

    ],
    "minimum-stability": "dev",
    "stability-flags": {
        "twig/extensions": 20,
        "symfony/assetic-bundle": 20,
        "symfony/monolog-bundle": 20,
        "sensio/distribution-bundle": 20,
        "symfony-cmf/symfony-cmf": 20,
        "symfony-cmf/simple-cms-bundle": 20,
        "jackalope/jackalope-jackrabbit": 20,
        "jackalope/jackalope-doctrine-dbal": 20,
        "doctrine/doctrine-bundle": 20,
        "doctrine/data-fixtures": 20,
        "liip/vie-bundle": 20,
        "liip/functional-test-bundle": 20,
        "sonata-project/doctrine-phpcr-admin-bundle": 20
    }
}
