symfony c681b68bdee5f1706808a68c2f33bff082afceec
twig 684970530d5db52552e7733de263653ad5aa0ab1
monolog ed9703e01f950d039fd4d0a38c2daddbfdebd69e
doctrine-dbal 73556157e096763272427ffec490fc942ef234fa
doctrine 81cc6d9da83d217ea62bd467053fd9885d1083cd
swiftmailer 8c3165691e36302405926abbae7526549db8b899
assetic f829ad23d23c87480151a21faad49fefe7c09e5d
twig-extensions d5851b96f06442e74590e5540a4209e9e3946243
metadata 30c622cad82e39a6856b981a9bfb9df06b3cc067
SensioFrameworkExtraBundle dcd40eb4e2fff2d82fad644bb44fc2a40ccaf381
JMSSecurityExtraBundle b8b7eb294ed83d83ca7260ac018e701f08003538
SensioDistributionBundle 2e0060d701949d2ad4b32c6c3c6c50c0d8f75fba
SensioGeneratorBundle c6af9719ae9e81fa4e086f40697d35e7090921cc
AsseticBundle 41b5913b5086a0909af92adcb4a6005ee0051b16
symfony-cmf f29158bb0ad5c295ca54c14c1a336a388695146f
DoctrineFixturesBundle a66be2f077f3a4e5c3801b356b42b8782f1abbd6
doctrine-data-fixtures 3ef3f667cc7a4552beee2fc4abefd4da1a43557c
VieBundle 29e40f6756ade98de51ae0e5860f75dd42ba8cfc
FunctionalTestBundle 9797ce8bbb65a8d1aa7124376748b6dc5e109121
knp-menu cd2e412eadb48eeba01961ec1142f4966de8b16d
KnpMenuBundle 02131e83825836bc335a9695179d1ecb17e1d927
FOSRestBundle 8977e97be4d723de8ab0acb7b027bdacb7e4b5a4
JMSSerializerBundle ee4a1d83970ecf1b9d189039e97394e1d7b7ee90
SonatajQueryBundle cb7039bd694711e17b4db675434eb4ab8bc65d95
SonataBluePrintBundle 3afb460b93d5e5933ff95b723d239b9864dc5e84
SonataUserBundle ca372bfeadb70c5367626806795f978c7922c976
MenuBundle 02131e83825836bc335a9695179d1ecb17e1d927
KnpMenu cd2e412eadb48eeba01961ec1142f4966de8b16d
SonataAdminBundle a327a55b819045e539d36d918962aa48ff652cb5
SonataDoctrineORMAdminBundle 2bacee1a4fbd56ecd41ae2a72c7bf3c058bb7bf0
SonataDoctrinePHPCRAdminBundle 6ea6a48d0b9b686a4dbd294edd7e38f211d3bb38
ChainRoutingBundle bfe2b9f38ccd51e34db9d7d7f6b1e14837c12f2a
FOSUserBundle 6f30cb4322cc689aefe46966c386c86da32440fe
TreeBundle 6737fd2e6494b648138f001890b6f4dfc5d7e432