symfony f273edc176f6762c1c92e8dac5e7e6994e0332fd
twig 6ac8791d1540ab4368fef48701e09e9df6a9c1cf
monolog abc80e0db8ad31c03b373977fc997e980800f9c2
MonologBundle 4420d3a740ed35a0de1feab771bb6f7386cf2e33
doctrine-common 717ea940ff8fa0854e84a2249edadfb998f91406
jackalope d2d0b2a915efd7bbe0a972dc4bfc3cc551f9e240
jackalope-jackrabbit ac325f62a2c6bf61b090330840322fbed8d3607d
jackalope-doctrine-dbal 2edf79391787e2d60f2f2d9efe900fe416cbd7fd
DoctrineBundle 9c8cdd383be8d8a9fd8113289cd36e3453c81e1c
doctrine-dbal 1f1881096e8042b8df321cbab37d3229677a1a26
phpcr 6a20a76cfcaefc02acb4cba63bbcf6d10b297b4b
phpcr-utils fbdf242accfcb91a5ffe001266797cf0a45d44f7
doctrine-phpcr-odm 127d4dfc28dfbbe4bc2f25d93996c30a5c0bf3fa
DoctrinePHPCRBundle e1454473c73575bf3a25fc90a95e40d0d88dd75b
DoctrineFixturesBundle 33b267d3068d6c2f8daa0b417285cf76e7f82fc4
doctrine-data-fixtures 7980ea20b3c6e5104241acb430e4822b8bc402ae
swiftmailer d02e07b2cc4e35234119033c6d0cc8805a893b11
SwiftMailerBundle 1c6b57fe57210e9dcb5b4586d6572f47d17a25d7
assetic 3acfb6afa50dd1dca387a8dfb641cd3b98a8584d
twig-extensions 446d870272cd87a720e95242eade38a2acf56eaa
metadata 84088bc4f6e2387ec8b549bffc1e037107572f5a
AsseticBundle d370e914e86518e88aa00ab266796ee032b8262e
FunctionalTestBundle 857d2a52420033e2c81faaef4a56b4011ed6b3a2
VieBundle 0b16bbe27d8a4d5b7e9c2fe64716693084a2016f
FOSRest d9f772ddb9bb4fd0d952fa45cf0e5e76510b111c
FOSRestBundle d9a876803df61858ce3e8d3f0c934727638ad874
FOSJsRoutingBundle 526cf7d21c89afa361299a6a547259e8c13fff69
JMSSerializerBundle 4ce47e7ce898d6a431433c33e194d3fed7244bd1
knp-menu 582abde96d661a2367542e393a25c9cafe928b40
KnpMenuBundle dc12b1c8e56074d65b01eed51164c86d36579f86
symfony-cmf 64c897f2ec56854159805df9ee7895f3266f586d
SymfonyCmfBlockBundle 8b678c712664a388b1fbfcb9c1a869fcf2cbf196
cmf-routing 2134bc4a1682b71f247acd83e9829530545df083
RoutingExtraBundle d47e96dc2d7b63f6660fae8d7c23089f12679f83
SonataCacheBundle 5b966e7350636750df7e45920acb30946415ba6d
SonataBlockBundle 8609f372f02726460309a69b281152c56e9af8b9
SonatajQueryBundle 01ffb8d1a7a4bb3971aed003e4f1ef050a0701aa
SonataAdminBundle 5b4d0b251f4404be7bc5209f90b2e3c51fd26b1f
SonataDoctrinePHPCRAdminBundle fc10124899aeea2428bb9d86b90e8fe025f6c2c7
TreeBundle 10e8c1b15902990f51e62a2f94bf7cacaa956074