symfony 06da573d04505888894795d2585f296006978c17
twig db9179c77d112bb0e1bf2944848915e67e5ca53b
monolog b704c49a3051536f67f2d39f13568f74615b9922
DoctrinePHPCRBundle dfdade132842f816080a10700e1068ab53abf385
DoctrineFixturesBundle e7b2c06801f9d6711531b504bb81ab4328ed697c
doctrine-data-fixtures 8cf2507e458b8116e8f22f391d05935a585a8700
swiftmailer 982b4c9498b7dd85e70f6d35e65d909c888e6345
assetic f829ad23d23c87480151a21faad49fefe7c09e5d
twig-extensions 1dfff8e793f50f651c4f74f796c2c68a4aee3147
metadata 30c622cad82e39a6856b981a9bfb9df06b3cc067
AsseticBundle 41b5913b5086a0909af92adcb4a6005ee0051b16
FunctionalTestBundle a2423b07bb26904d8e4136e7c2f298debff7519e
VieBundle 1547c94ee0869f61285ef032352505fa53446916
FOSRestBundle f583d561837841cdcbe798ff21ff88253888d334
FOSJsRoutingBundle d0d9d1b74853e2b4489e30129ca05945afd156b8
JMSSerializerBundle 4039b6a377bf042d14d14985aea010bf110374ff
knp-menu 138b735bab508eb3d7266ff64041bb715595b662
KnpMenuBundle 5de114491070a2ccc58ae8c8ac4bef61522e0667
symfony-cmf d65105e879126e79b596ea0fa4688c0cc95e46a3
ChainRoutingBundle 6b7f3f26380d67bdf365b7efc8f3e0de53725e21
SonatajQueryBundle 90257bf4d46ca37a490cb7b93d68fcbe29fb39b4
SonataAdminBundle e9cfb916b703ec5579abcb48fdcec5c20932f461
SonataDoctrinePHPCRAdminBundle 9a651a3c0c738306ddbe0d6e5c710bde9e7be16e
TreeBundle bd2763a13bcd63c4eba7a3f08029828d58bbe74d
